# THIS IS AN AUTOGENERATED FILE. DO NOT EDIT THIS FILE DIRECTLY.
# yarn lockfile v1


"@types/body-parser@*":
  version "1.17.0"
  resolved "https://registry.yarnpkg.com/@types/body-parser/-/body-parser-1.17.0.tgz#9f5c9d9bd04bb54be32d5eb9fc0d8c974e6cf58c"
  integrity sha512-a2+YeUjPkztKJu5aIF2yArYFQQp8d51wZ7DavSHjFuY1mqVgidGyzEQ41JIVNy82fXj8yPgy2vJmfIywgESW6w==
  dependencies:
    "@types/connect" "*"
    "@types/node" "*"

"@types/connect@*":
  version "3.4.32"
  resolved "https://registry.yarnpkg.com/@types/connect/-/connect-3.4.32.tgz#aa0e9616b9435ccad02bc52b5b454ffc2c70ba28"
  integrity sha512-4r8qa0quOvh7lGD0pre62CAb1oni1OO6ecJLGCezTmhQ8Fz50Arx9RUszryR8KlgK6avuSXvviL6yWyViQABOg==
  dependencies:
    "@types/node" "*"

"@types/express-serve-static-core@*":
  version "4.16.1"
  resolved "https://registry.yarnpkg.com/@types/express-serve-static-core/-/express-serve-static-core-4.16.1.tgz#35df7b302299a4ab138a643617bd44078e74d44e"
  integrity sha512-QgbIMRU1EVRry5cIu1ORCQP4flSYqLM1lS5LYyGWfKnFT3E58f0gKto7BR13clBFVrVZ0G0rbLZ1hUpSkgQQOA==
  dependencies:
    "@types/node" "*"
    "@types/range-parser" "*"

"@types/express@^4.16.1":
  version "4.16.1"
  resolved "https://registry.yarnpkg.com/@types/express/-/express-4.16.1.tgz#d756bd1a85c34d87eaf44c888bad27ba8a4b7cf0"
  integrity sha512-V0clmJow23WeyblmACoxbHBu2JKlE5TiIme6Lem14FnPW9gsttyHtk6wq7njcdIWH1njAaFgR8gW09lgY98gQg==
  dependencies:
    "@types/body-parser" "*"
    "@types/express-serve-static-core" "*"
    "@types/serve-static" "*"

"@types/mime@*":
  version "2.0.1"
  resolved "https://registry.yarnpkg.com/@types/mime/-/mime-2.0.1.tgz#dc488842312a7f075149312905b5e3c0b054c79d"
  integrity sha512-FwI9gX75FgVBJ7ywgnq/P7tw+/o1GUbtP0KzbtusLigAOgIgNISRK0ZPl4qertvXSIE8YbsVJueQ90cDt9YYyw==

"@types/node@*":
  version "11.9.5"
  resolved "https://registry.yarnpkg.com/@types/node/-/node-11.9.5.tgz#011eece9d3f839a806b63973e228f85967b79ed3"
  integrity sha512-vVjM0SVzgaOUpflq4GYBvCpozes8OgIIS5gVXVka+OfK3hvnkC1i93U8WiY2OtNE4XUWyyy/86Kf6e0IHTQw1Q==

"@types/range-parser@*":
  version "1.2.3"
  resolved "https://registry.yarnpkg.com/@types/range-parser/-/range-parser-1.2.3.tgz#7ee330ba7caafb98090bece86a5ee44115904c2c"
  integrity sha512-ewFXqrQHlFsgc09MK5jP5iR7vumV/BYayNC6PgJO2LPe8vrnNFyjQjSppfEngITi0qvfKtzFvgKymGheFM9UOA==

"@types/serve-static@*":
  version "1.13.2"
  resolved "https://registry.yarnpkg.com/@types/serve-static/-/serve-static-1.13.2.tgz#f5ac4d7a6420a99a6a45af4719f4dcd8cd907a48"
  integrity sha512-/BZ4QRLpH/bNYgZgwhKEh+5AsboDBcUdlBYgzoLX0fpj3Y2gp6EApyOlM3bK53wQS/OE1SrdSYBAbux2D1528Q==
  dependencies:
    "@types/express-serve-static-core" "*"
    "@types/mime" "*"
